
Microsoft Visual Studio Solution File, Format Version 12.00
# Visual Studio Version 17
VisualStudioVersion = 17.9.34607.119
MinimumVisualStudioVersion = 10.0.40219.1
Project("{FAE04EC0-301F-11D3-BF4B-00C04F79EFBC}") = "lab12", "lab12.csproj", "{2D1EC3D7-749A-4EC1-9E4D-75CD25E11C2A}"
EndProject
Global
	GlobalSection(SolutionConfigurationPlatforms) = preSolution
		Debug|Any CPU = Debug|Any CPU
		Release|Any CPU = Release|Any CPU
	EndGlobalSection
	GlobalSection(ProjectConfigurationPlatforms) = postSolution
		{2D1EC3D7-749A-4EC1-9E4D-75CD25E11C2A}.Debug|Any CPU.ActiveCfg = Debug|Any CPU
		{2D1EC3D7-749A-4EC1-9E4D-75CD25E11C2A}.Debug|Any CPU.Build.0 = Debug|Any CPU
		{2D1EC3D7-749A-4EC1-9E4D-75CD25E11C2A}.Release|Any CPU.ActiveCfg = Release|Any CPU
		{2D1EC3D7-749A-4EC1-9E4D-75CD25E11C2A}.Release|Any CPU.Build.0 = Release|Any CPU
	EndGlobalSection
	GlobalSection(SolutionProperties) = preSolution
		HideSolutionNode = FALSE
	EndGlobalSection
	GlobalSection(ExtensibilityGlobals) = postSolution
		SolutionGuid = {7B0D08E0-9431-4442-BB39-B450437C3A34}
	EndGlobalSection
EndGlobal
